{
  "originHash" : "f0f56b9657196025bdd81b72fb1c2745d4d8404f13b8e8b43c409d9286ec0773",
  "pins" : [
    {
      "identity" : "localaikit",
      "kind" : "remoteSourceControl",
      "location" : "https://github.com/shawna-mac/LocalAIKit",
      "state" : {
        "revision" : "8c7542c66c6b3e2bcf2196cf8df2941af3785863",
        "version" : "0.1.3"
      }
    }
  ],
  "version" : 3
}
