// !$*UTF8*$!
{
	archiveVersion = 1;
	classes = {
	};
	objectVersion = 63;
	objects = {

/* Begin PBXBuildFile section */
		0A0FD94D2FD1E80E00E4013C /* llama.xcframework in Frameworks */ = {isa = PBXBuildFile; fileRef = 0A0FD94C2FD1E80E00E4013C /* llama.xcframework */; };
		0A0FD94E2FD1E80E00E4013C /* llama.xcframework in Embed Frameworks */ = {isa = PBXBuildFile; fileRef = 0A0FD94C2FD1E80E00E4013C /* llama.xcframework */; settings = {ATTRIBUTES = (CodeSignOnCopy, RemoveHeadersOnCopy, ); }; };
		0A0FD9502FD1E80E00E4013C /* Agents.swift in Sources */ = {isa = PBXBuildFile; fileRef = 0A0FD9512FD1E80E00E4013C /* Agents.swift */; };
		0A0FD9522FD1E80E00E4013C /* HuggingFaceModelStore.swift in Sources */ = {isa = PBXBuildFile; fileRef = 0A0FD9532FD1E80E00E4013C /* HuggingFaceModelStore.swift */; };
		0A0FD9562FD1E80E00E4013C /* LlamaBridge.swift in Sources */ = {isa = PBXBuildFile; fileRef = 0A0FD9572FD1E80E00E4013C /* LlamaBridge.swift */; };
		0A0FD9582FD1E80E00E4013C /* LocalAIKit.swift in Sources */ = {isa = PBXBuildFile; fileRef = 0A0FD9592FD1E80E00E4013C /* LocalAIKit.swift */; };
		0A0FD95A2FD1E80E00E4013C /* LocalAIKitTests.swift in Sources */ = {isa = PBXBuildFile; fileRef = 0A0FD95B2FD1E80E00E4013C /* LocalAIKitTests.swift */; };
		0A0FD9602FD1E80E00E4013C /* Presets.swift in Sources */ = {isa = PBXBuildFile; fileRef = 0A0FD9612FD1E80E00E4013C /* Presets.swift */; };
		0A0FD9702FD1E80E00E4013C /* Tooling.swift in Sources */ = {isa = PBXBuildFile; fileRef = 0A0FD9712FD1E80E00E4013C /* Tooling.swift */; };
		0AE44E5A2FDDB7870032DB82 /* LocalAIKitDownloadManager.swift in Sources */ = {isa = PBXBuildFile; fileRef = 0AE44E592FDDB7810032DB82 /* LocalAIKitDownloadManager.swift */; };
		0AE44E5C2FDDB85C0032DB82 /* LocalAIKitDownloadStatus.swift in Sources */ = {isa = PBXBuildFile; fileRef = 0AE44E5B2FDDB8580032DB82 /* LocalAIKitDownloadStatus.swift */; };
		0AE44E5E2FDDBDDB0032DB82 /* HuggingFaceRepository.swift in Sources */ = {isa = PBXBuildFile; fileRef = 0AE44E5D2FDDBDD40032DB82 /* HuggingFaceRepository.swift */; };
		0AE44E602FDDBDF40032DB82 /* HuggingFaceModelAsset.swift in Sources */ = {isa = PBXBuildFile; fileRef = 0AE44E5F2FDDBDF00032DB82 /* HuggingFaceModelAsset.swift */; };
		0AE44E622FDDBE040032DB82 /* HuggingFaceModelPackage.swift in Sources */ = {isa = PBXBuildFile; fileRef = 0AE44E612FDDBDFF0032DB82 /* HuggingFaceModelPackage.swift */; };
		0AE44E642FDDBE520032DB82 /* LocalAIKitError.swift in Sources */ = {isa = PBXBuildFile; fileRef = 0AE44E632FDDBE520032DB82 /* LocalAIKitError.swift */; };
		0AE44E662FE0616D0032DB82 /* HuggingFaceModelDownlaodProgress.swift in Sources */ = {isa = PBXBuildFile; fileRef = 0AE44E652FE061670032DB82 /* HuggingFaceModelDownlaodProgress.swift */; };
		0AE44E682FE0619A0032DB82 /* LocalAIKitModelDownload.swift in Sources */ = {isa = PBXBuildFile; fileRef = 0AE44E672FE061980032DB82 /* LocalAIKitModelDownload.swift */; };
		0AE44E6A2FE061E50032DB82 /* LocalAIKitModelManager.swift in Sources */ = {isa = PBXBuildFile; fileRef = 0AE44E692FE061E20032DB82 /* LocalAIKitModelManager.swift */; };
		0AE44E6D2FE0693E0032DB82 /* LocalAIKitInferenceRequest.swift in Sources */ = {isa = PBXBuildFile; fileRef = 0AE44E6C2FE0693B0032DB82 /* LocalAIKitInferenceRequest.swift */; };
		0AE44E6F2FE06E4D0032DB82 /* LocalAIKitInferenceError.swift in Sources */ = {isa = PBXBuildFile; fileRef = 0AE44E6E2FE06E4C0032DB82 /* LocalAIKitInferenceError.swift */; };
		0AE44E742FE106AA0032DB82 /* DownloadedModel.swift in Sources */ = {isa = PBXBuildFile; fileRef = 0AE44E732FE106A40032DB82 /* DownloadedModel.swift */; };
		0AE44E792FE107140032DB82 /* LocalAIKitModelStatus.swift in Sources */ = {isa = PBXBuildFile; fileRef = 0AE44E782FE1070C0032DB82 /* LocalAIKitModelStatus.swift */; };
		0AE44E862FE3928F0032DB82 /* LocalAIKitAgentTool.swift in Sources */ = {isa = PBXBuildFile; fileRef = 0AE44E852FE3928E0032DB82 /* LocalAIKitAgentTool.swift */; };
		0AE44E882FE392D30032DB82 /* LocalAIKitAgent.swift in Sources */ = {isa = PBXBuildFile; fileRef = 0AE44E872FE392D20032DB82 /* LocalAIKitAgent.swift */; };
		0AE44E8A2FE393550032DB82 /* LocalAIKitAgentTemplate.swift in Sources */ = {isa = PBXBuildFile; fileRef = 0AE44E892FE393540032DB82 /* LocalAIKitAgentTemplate.swift */; };
		0AF60B792FCE84D70089AF48 /* LocalAIKit.framework in Frameworks */ = {isa = PBXBuildFile; fileRef = 0AF60B6D2FCE84D70089AF48 /* LocalAIKit.framework */; };
		1A3B4C5D6E7F8091A2B3C401 /* LocalAIKit.framework in Frameworks */ = {isa = PBXBuildFile; fileRef = 0AF60B6D2FCE84D70089AF48 /* LocalAIKit.framework */; };
/* End PBXBuildFile section */

/* Begin PBXContainerItemProxy section */
		0AF60B7A2FCE84D70089AF48 /* PBXContainerItemProxy */ = {
			isa = PBXContainerItemProxy;
			containerPortal = 0AF60B642FCE84D70089AF48 /* Project object */;
			proxyType = 1;
			remoteGlobalIDString = 0AF60B6C2FCE84D70089AF48;
			remoteInfo = LocalAIKit;
		};
		1A3B4C5D6E7F8091A2B3C402 /* PBXContainerItemProxy */ = {
			isa = PBXContainerItemProxy;
			containerPortal = 0AF60B642FCE84D70089AF48 /* Project object */;
			proxyType = 1;
			remoteGlobalIDString = 0AF60B6C2FCE84D70089AF48;
			remoteInfo = LocalAIKit;
		};
/* End PBXContainerItemProxy section */

/* Begin PBXCopyFilesBuildPhase section */
		0A0FD94F2FD1E80E00E4013C /* Embed Frameworks */ = {
			isa = PBXCopyFilesBuildPhase;
			buildActionMask = 2147483647;
			dstPath = "";
			dstSubfolderSpec = 10;
			files = (
				0A0FD94E2FD1E80E00E4013C /* llama.xcframework in Embed Frameworks */,
			);
			name = "Embed Frameworks";
			runOnlyForDeploymentPostprocessing = 0;
		};
/* End PBXCopyFilesBuildPhase section */

/* Begin PBXFileReference section */
		0A0FD94C2FD1E80E00E4013C /* llama.xcframework */ = {isa = PBXFileReference; lastKnownFileType = wrapper.xcframework; name = llama.xcframework; path = "build-apple/llama.xcframework"; sourceTree = "<group>"; };
		0A0FD9512FD1E80E00E4013C /* Agents.swift */ = {isa = PBXFileReference; lastKnownFileType = sourcecode.swift; path = Agents.swift; sourceTree = "<group>"; };
		0A0FD9532FD1E80E00E4013C /* HuggingFaceModelStore.swift */ = {isa = PBXFileReference; lastKnownFileType = sourcecode.swift; path = HuggingFaceModelStore.swift; sourceTree = "<group>"; };
		0A0FD9572FD1E80E00E4013C /* LlamaBridge.swift */ = {isa = PBXFileReference; lastKnownFileType = sourcecode.swift; path = LlamaBridge.swift; sourceTree = "<group>"; };
		0A0FD9592FD1E80E00E4013C /* LocalAIKit.swift */ = {isa = PBXFileReference; lastKnownFileType = sourcecode.swift; path = LocalAIKit.swift; sourceTree = "<group>"; };
		0A0FD95B2FD1E80E00E4013C /* LocalAIKitTests.swift */ = {isa = PBXFileReference; lastKnownFileType = sourcecode.swift; path = LocalAIKitTests.swift; sourceTree = "<group>"; };
		0A0FD9612FD1E80E00E4013C /* Presets.swift */ = {isa = PBXFileReference; lastKnownFileType = sourcecode.swift; path = Presets.swift; sourceTree = "<group>"; };
		0A0FD9712FD1E80E00E4013C /* Tooling.swift */ = {isa = PBXFileReference; lastKnownFileType = sourcecode.swift; path = Tooling.swift; sourceTree = "<group>"; };
		0AE44E592FDDB7810032DB82 /* LocalAIKitDownloadManager.swift */ = {isa = PBXFileReference; lastKnownFileType = sourcecode.swift; path = LocalAIKitDownloadManager.swift; sourceTree = "<group>"; };
		0AE44E5B2FDDB8580032DB82 /* LocalAIKitDownloadStatus.swift */ = {isa = PBXFileReference; lastKnownFileType = sourcecode.swift; path = LocalAIKitDownloadStatus.swift; sourceTree = "<group>"; };
		0AE44E5D2FDDBDD40032DB82 /* HuggingFaceRepository.swift */ = {isa = PBXFileReference; lastKnownFileType = sourcecode.swift; path = HuggingFaceRepository.swift; sourceTree = "<group>"; };
		0AE44E5F2FDDBDF00032DB82 /* HuggingFaceModelAsset.swift */ = {isa = PBXFileReference; lastKnownFileType = sourcecode.swift; path = HuggingFaceModelAsset.swift; sourceTree = "<group>"; };
		0AE44E612FDDBDFF0032DB82 /* HuggingFaceModelPackage.swift */ = {isa = PBXFileReference; lastKnownFileType = sourcecode.swift; path = HuggingFaceModelPackage.swift; sourceTree = "<group>"; };
		0AE44E632FDDBE520032DB82 /* LocalAIKitError.swift */ = {isa = PBXFileReference; lastKnownFileType = sourcecode.swift; path = LocalAIKitError.swift; sourceTree = "<group>"; };
		0AE44E652FE061670032DB82 /* HuggingFaceModelDownlaodProgress.swift */ = {isa = PBXFileReference; lastKnownFileType = sourcecode.swift; path = HuggingFaceModelDownlaodProgress.swift; sourceTree = "<group>"; };
		0AE44E672FE061980032DB82 /* LocalAIKitModelDownload.swift */ = {isa = PBXFileReference; lastKnownFileType = sourcecode.swift; path = LocalAIKitModelDownload.swift; sourceTree = "<group>"; };
		0AE44E692FE061E20032DB82 /* LocalAIKitModelManager.swift */ = {isa = PBXFileReference; lastKnownFileType = sourcecode.swift; path = LocalAIKitModelManager.swift; sourceTree = "<group>"; };
		0AE44E6C2FE0693B0032DB82 /* LocalAIKitInferenceRequest.swift */ = {isa = PBXFileReference; lastKnownFileType = sourcecode.swift; path = LocalAIKitInferenceRequest.swift; sourceTree = "<group>"; };
		0AE44E6E2FE06E4C0032DB82 /* LocalAIKitInferenceError.swift */ = {isa = PBXFileReference; lastKnownFileType = sourcecode.swift; path = LocalAIKitInferenceError.swift; sourceTree = "<group>"; };
		0AE44E732FE106A40032DB82 /* DownloadedModel.swift */ = {isa = PBXFileReference; lastKnownFileType = sourcecode.swift; path = DownloadedModel.swift; sourceTree = "<group>"; };
		0AE44E782FE1070C0032DB82 /* LocalAIKitModelStatus.swift */ = {isa = PBXFileReference; lastKnownFileType = sourcecode.swift; path = LocalAIKitModelStatus.swift; sourceTree = "<group>"; };
		0AE44E852FE3928E0032DB82 /* LocalAIKitAgentTool.swift */ = {isa = PBXFileReference; lastKnownFileType = sourcecode.swift; path = LocalAIKitAgentTool.swift; sourceTree = "<group>"; };
		0AE44E872FE392D20032DB82 /* LocalAIKitAgent.swift */ = {isa = PBXFileReference; lastKnownFileType = sourcecode.swift; path = LocalAIKitAgent.swift; sourceTree = "<group>"; };
		0AE44E892FE393540032DB82 /* LocalAIKitAgentTemplate.swift */ = {isa = PBXFileReference; lastKnownFileType = sourcecode.swift; path = LocalAIKitAgentTemplate.swift; sourceTree = "<group>"; };
		0AF60B6D2FCE84D70089AF48 /* LocalAIKit.framework */ = {isa = PBXFileReference; explicitFileType = wrapper.framework; includeInIndex = 0; path = LocalAIKit.framework; sourceTree = BUILT_PRODUCTS_DIR; };
		0AF60B782FCE84D70089AF48 /* LocalAIKitTests.xctest */ = {isa = PBXFileReference; explicitFileType = wrapper.cfbundle; includeInIndex = 0; path = LocalAIKitTests.xctest; sourceTree = BUILT_PRODUCTS_DIR; };
		1A3B4C5D6E7F8091A2B3C403 /* LocalAIKitCLI */ = {isa = PBXFileReference; explicitFileType = "compiled.mach-o.executable"; includeInIndex = 0; path = LocalAIKitCLI; sourceTree = BUILT_PRODUCTS_DIR; };
/* End PBXFileReference section */

/* Begin PBXFrameworksBuildPhase section */
		0AF60B6A2FCE84D70089AF48 /* Frameworks */ = {
			isa = PBXFrameworksBuildPhase;
			buildActionMask = 2147483647;
			files = (
				0A0FD94D2FD1E80E00E4013C /* llama.xcframework in Frameworks */,
			);
			runOnlyForDeploymentPostprocessing = 0;
		};
		0AF60B752FCE84D70089AF48 /* Frameworks */ = {
			isa = PBXFrameworksBuildPhase;
			buildActionMask = 2147483647;
			files = (
				0AF60B792FCE84D70089AF48 /* LocalAIKit.framework in Frameworks */,
			);
			runOnlyForDeploymentPostprocessing = 0;
		};
		1A3B4C5D6E7F8091A2B3C40B /* Frameworks */ = {
			isa = PBXFrameworksBuildPhase;
			buildActionMask = 2147483647;
			files = (
				1A3B4C5D6E7F8091A2B3C401 /* LocalAIKit.framework in Frameworks */,
			);
			runOnlyForDeploymentPostprocessing = 0;
		};
/* End PBXFrameworksBuildPhase section */

/* Begin PBXGroup section */
		0A0FD9472FD1E7D300E4013C /* Frameworks */ = {
			isa = PBXGroup;
			children = (
				0A0FD94C2FD1E80E00E4013C /* llama.xcframework */,
			);
			name = Frameworks;
			sourceTree = "<group>";
		};
		0AE44E582FDDB6A50032DB82 /* Downloads */ = {
			isa = PBXGroup;
			children = (
				0AE44E732FE106A40032DB82 /* DownloadedModel.swift */,
				0A0FD9532FD1E80E00E4013C /* HuggingFaceModelStore.swift */,
				0AE44E612FDDBDFF0032DB82 /* HuggingFaceModelPackage.swift */,
				0AE44E5F2FDDBDF00032DB82 /* HuggingFaceModelAsset.swift */,
				0AE44E5D2FDDBDD40032DB82 /* HuggingFaceRepository.swift */,
				0AE44E672FE061980032DB82 /* LocalAIKitModelDownload.swift */,
				0AE44E652FE061670032DB82 /* HuggingFaceModelDownlaodProgress.swift */,
				0AE44E5B2FDDB8580032DB82 /* LocalAIKitDownloadStatus.swift */,
				0AE44E592FDDB7810032DB82 /* LocalAIKitDownloadManager.swift */,
			);
			path = Downloads;
			sourceTree = "<group>";
		};
		0AE44E6B2FE068F30032DB82 /* Inference */ = {
			isa = PBXGroup;
			children = (
				0AE44E6E2FE06E4C0032DB82 /* LocalAIKitInferenceError.swift */,
				0AE44E6C2FE0693B0032DB82 /* LocalAIKitInferenceRequest.swift */,
				0AE44E632FDDBE520032DB82 /* LocalAIKitError.swift */,
				0A0FD9572FD1E80E00E4013C /* LlamaBridge.swift */,
			);
			path = Inference;
			sourceTree = "<group>";
		};
		0AE44E722FE105000032DB82 /* Agents */ = {
			isa = PBXGroup;
			children = (
				0AE44E892FE393540032DB82 /* LocalAIKitAgentTemplate.swift */,
				0AE44E872FE392D20032DB82 /* LocalAIKitAgent.swift */,
				0AE44E852FE3928E0032DB82 /* LocalAIKitAgentTool.swift */,
				0A0FD9512FD1E80E00E4013C /* Agents.swift */,
				0A0FD9612FD1E80E00E4013C /* Presets.swift */,
				0A0FD9712FD1E80E00E4013C /* Tooling.swift */,
			);
			path = Agents;
			sourceTree = "<group>";
		};
		0AE44E772FE106DE0032DB82 /* ModelManagement */ = {
			isa = PBXGroup;
			children = (
				0AE44E692FE061E20032DB82 /* LocalAIKitModelManager.swift */,
				0AE44E782FE1070C0032DB82 /* LocalAIKitModelStatus.swift */,
			);
			path = ModelManagement;
			sourceTree = "<group>";
		};
		0AF60B632FCE84D70089AF48 = {
			isa = PBXGroup;
			children = (
				0AF60B6F2FCE84D70089AF48 /* LocalAIKit */,
				0AF60B7C2FCE84D70089AF48 /* LocalAIKitTests */,
				0A0FD9472FD1E7D300E4013C /* Frameworks */,
				0AF60B6E2FCE84D70089AF48 /* Products */,
			);
			sourceTree = "<group>";
		};
		0AF60B6E2FCE84D70089AF48 /* Products */ = {
			isa = PBXGroup;
			children = (
				0AF60B6D2FCE84D70089AF48 /* LocalAIKit.framework */,
				0AF60B782FCE84D70089AF48 /* LocalAIKitTests.xctest */,
				1A3B4C5D6E7F8091A2B3C403 /* LocalAIKitCLI */,
			);
			name = Products;
			sourceTree = "<group>";
		};
		0AF60B6F2FCE84D70089AF48 /* LocalAIKit */ = {
			isa = PBXGroup;
			children = (
				0AE44E772FE106DE0032DB82 /* ModelManagement */,
				0AE44E722FE105000032DB82 /* Agents */,
				0AE44E6B2FE068F30032DB82 /* Inference */,
				0AE44E582FDDB6A50032DB82 /* Downloads */,
				0A0FD9592FD1E80E00E4013C /* LocalAIKit.swift */,
			);
			path = LocalAIKit;
			sourceTree = "<group>";
		};
		0AF60B7C2FCE84D70089AF48 /* LocalAIKitTests */ = {
			isa = PBXGroup;
			children = (
				0A0FD95B2FD1E80E00E4013C /* LocalAIKitTests.swift */,
			);
			path = LocalAIKitTests;
			sourceTree = "<group>";
		};
/* End PBXGroup section */

/* Begin PBXHeadersBuildPhase section */
		0AF60B682FCE84D70089AF48 /* Headers */ = {
			isa = PBXHeadersBuildPhase;
			buildActionMask = 2147483647;
			files = (
			);
			runOnlyForDeploymentPostprocessing = 0;
		};
/* End PBXHeadersBuildPhase section */

/* Begin PBXNativeTarget section */
		0AF60B6C2FCE84D70089AF48 /* LocalAIKit */ = {
			isa = PBXNativeTarget;
			buildConfigurationList = 0AF60B812FCE84D70089AF48 /* Build configuration list for PBXNativeTarget "LocalAIKit" */;
			buildPhases = (
				0AF60B682FCE84D70089AF48 /* Headers */,
				0AF60B692FCE84D70089AF48 /* Sources */,
				0AF60B6A2FCE84D70089AF48 /* Frameworks */,
				0AF60B6B2FCE84D70089AF48 /* Resources */,
				0A0FD94F2FD1E80E00E4013C /* Embed Frameworks */,
			);
			buildRules = (
			);
			dependencies = (
			);
			name = LocalAIKit;
			packageProductDependencies = (
			);
			productName = LocalAIKit;
			productReference = 0AF60B6D2FCE84D70089AF48 /* LocalAIKit.framework */;
			productType = "com.apple.product-type.framework";
		};
		0AF60B772FCE84D70089AF48 /* LocalAIKitTests */ = {
			isa = PBXNativeTarget;
			buildConfigurationList = 0AF60B842FCE84D70089AF48 /* Build configuration list for PBXNativeTarget "LocalAIKitTests" */;
			buildPhases = (
				0AF60B742FCE84D70089AF48 /* Sources */,
				0AF60B752FCE84D70089AF48 /* Frameworks */,
				0AF60B762FCE84D70089AF48 /* Resources */,
			);
			buildRules = (
			);
			dependencies = (
				0AF60B7B2FCE84D70089AF48 /* PBXTargetDependency */,
			);
			name = LocalAIKitTests;
			packageProductDependencies = (
			);
			productName = LocalAIKitTests;
			productReference = 0AF60B782FCE84D70089AF48 /* LocalAIKitTests.xctest */;
			productType = "com.apple.product-type.bundle.unit-test";
		};
		1A3B4C5D6E7F8091A2B3C405 /* LocalAIKitCLI */ = {
			isa = PBXNativeTarget;
			buildConfigurationList = 1A3B4C5D6E7F8091A2B3C407 /* Build configuration list for PBXNativeTarget "LocalAIKitCLI" */;
			buildPhases = (
				1A3B4C5D6E7F8091A2B3C40A /* Sources */,
				1A3B4C5D6E7F8091A2B3C40B /* Frameworks */,
			);
			buildRules = (
			);
			dependencies = (
				1A3B4C5D6E7F8091A2B3C406 /* PBXTargetDependency */,
			);
			name = LocalAIKitCLI;
			packageProductDependencies = (
			);
			productName = LocalAIKitCLI;
			productReference = 1A3B4C5D6E7F8091A2B3C403 /* LocalAIKitCLI */;
			productType = "com.apple.product-type.tool";
		};
/* End PBXNativeTarget section */

/* Begin PBXProject section */
		0AF60B642FCE84D70089AF48 /* Project object */ = {
			isa = PBXProject;
			attributes = {
				BuildIndependentTargetsInParallel = 1;
				LastSwiftUpdateCheck = 2610;
				LastUpgradeCheck = 2610;
				TargetAttributes = {
					0AF60B6C2FCE84D70089AF48 = {
						CreatedOnToolsVersion = 26.1.1;
					};
					0AF60B772FCE84D70089AF48 = {
						CreatedOnToolsVersion = 26.1.1;
					};
				};
			};
			buildConfigurationList = 0AF60B672FCE84D70089AF48 /* Build configuration list for PBXProject "LocalAIKit" */;
			compatibilityVersion = "Xcode 14.0";
			developmentRegion = en;
			hasScannedForEncodings = 0;
			knownRegions = (
				en,
				Base,
			);
			mainGroup = 0AF60B632FCE84D70089AF48;
			minimizedProjectReferenceProxies = 1;
			productRefGroup = 0AF60B6E2FCE84D70089AF48 /* Products */;
			projectDirPath = "";
			projectRoot = "";
			targets = (
				0AF60B6C2FCE84D70089AF48 /* LocalAIKit */,
				0AF60B772FCE84D70089AF48 /* LocalAIKitTests */,
				1A3B4C5D6E7F8091A2B3C405 /* LocalAIKitCLI */,
			);
		};
/* End PBXProject section */

/* Begin PBXResourcesBuildPhase section */
		0AF60B6B2FCE84D70089AF48 /* Resources */ = {
			isa = PBXResourcesBuildPhase;
			buildActionMask = 2147483647;
			files = (
			);
			runOnlyForDeploymentPostprocessing = 0;
		};
		0AF60B762FCE84D70089AF48 /* Resources */ = {
			isa = PBXResourcesBuildPhase;
			buildActionMask = 2147483647;
			files = (
			);
			runOnlyForDeploymentPostprocessing = 0;
		};
/* End PBXResourcesBuildPhase section */

/* Begin PBXSourcesBuildPhase section */
		0AF60B692FCE84D70089AF48 /* Sources */ = {
			isa = PBXSourcesBuildPhase;
			buildActionMask = 2147483647;
			files = (
				0AE44E742FE106AA0032DB82 /* DownloadedModel.swift in Sources */,
				0AE44E5A2FDDB7870032DB82 /* LocalAIKitDownloadManager.swift in Sources */,
				0A0FD9502FD1E80E00E4013C /* Agents.swift in Sources */,
				0A0FD9602FD1E80E00E4013C /* Presets.swift in Sources */,
				0A0FD9702FD1E80E00E4013C /* Tooling.swift in Sources */,
				0AE44E5C2FDDB85C0032DB82 /* LocalAIKitDownloadStatus.swift in Sources */,
				0AE44E6A2FE061E50032DB82 /* LocalAIKitModelManager.swift in Sources */,
				0AE44E642FDDBE520032DB82 /* LocalAIKitError.swift in Sources */,
				0AE44E6D2FE0693E0032DB82 /* LocalAIKitInferenceRequest.swift in Sources */,
				0AE44E882FE392D30032DB82 /* LocalAIKitAgent.swift in Sources */,
				0A0FD9522FD1E80E00E4013C /* HuggingFaceModelStore.swift in Sources */,
				0AE44E622FDDBE040032DB82 /* HuggingFaceModelPackage.swift in Sources */,
				0A0FD9562FD1E80E00E4013C /* LlamaBridge.swift in Sources */,
				0AE44E662FE0616D0032DB82 /* HuggingFaceModelDownlaodProgress.swift in Sources */,
				0AE44E682FE0619A0032DB82 /* LocalAIKitModelDownload.swift in Sources */,
				0AE44E602FDDBDF40032DB82 /* HuggingFaceModelAsset.swift in Sources */,
				0A0FD9582FD1E80E00E4013C /* LocalAIKit.swift in Sources */,
				0AE44E5E2FDDBDDB0032DB82 /* HuggingFaceRepository.swift in Sources */,
				0AE44E8A2FE393550032DB82 /* LocalAIKitAgentTemplate.swift in Sources */,
				0AE44E792FE107140032DB82 /* LocalAIKitModelStatus.swift in Sources */,
				0AE44E862FE3928F0032DB82 /* LocalAIKitAgentTool.swift in Sources */,
				0AE44E6F2FE06E4D0032DB82 /* LocalAIKitInferenceError.swift in Sources */,
			);
			runOnlyForDeploymentPostprocessing = 0;
		};
		0AF60B742FCE84D70089AF48 /* Sources */ = {
			isa = PBXSourcesBuildPhase;
			buildActionMask = 2147483647;
			files = (
				0A0FD95A2FD1E80E00E4013C /* LocalAIKitTests.swift in Sources */,
			);
			runOnlyForDeploymentPostprocessing = 0;
		};
		1A3B4C5D6E7F8091A2B3C40A /* Sources */ = {
			isa = PBXSourcesBuildPhase;
			buildActionMask = 2147483647;
			files = (
			);
			runOnlyForDeploymentPostprocessing = 0;
		};
/* End PBXSourcesBuildPhase section */

/* Begin PBXTargetDependency section */
		0AF60B7B2FCE84D70089AF48 /* PBXTargetDependency */ = {
			isa = PBXTargetDependency;
			target = 0AF60B6C2FCE84D70089AF48 /* LocalAIKit */;
			targetProxy = 0AF60B7A2FCE84D70089AF48 /* PBXContainerItemProxy */;
		};
		1A3B4C5D6E7F8091A2B3C406 /* PBXTargetDependency */ = {
			isa = PBXTargetDependency;
			target = 0AF60B6C2FCE84D70089AF48 /* LocalAIKit */;
			targetProxy = 1A3B4C5D6E7F8091A2B3C402 /* PBXContainerItemProxy */;
		};
/* End PBXTargetDependency section */

/* Begin XCBuildConfiguration section */
		0AF60B7F2FCE84D70089AF48 /* Debug */ = {
			isa = XCBuildConfiguration;
			buildSettings = {
				ALWAYS_SEARCH_USER_PATHS = NO;
				ASSETCATALOG_COMPILER_GENERATE_SWIFT_ASSET_SYMBOL_EXTENSIONS = YES;
				CLANG_ANALYZER_NONNULL = YES;
				CLANG_ANALYZER_NUMBER_OBJECT_CONVERSION = YES_AGGRESSIVE;
				CLANG_CXX_LANGUAGE_STANDARD = "gnu++20";
				CLANG_ENABLE_MODULES = YES;
				CLANG_ENABLE_OBJC_ARC = YES;
				CLANG_ENABLE_OBJC_WEAK = YES;
				CLANG_WARN_BLOCK_CAPTURE_AUTORELEASING = YES;
				CLANG_WARN_BOOL_CONVERSION = YES;
				CLANG_WARN_COMMA = YES;
				CLANG_WARN_CONSTANT_CONVERSION = YES;
				CLANG_WARN_DEPRECATED_OBJC_IMPLEMENTATIONS = YES;
				CLANG_WARN_DIRECT_OBJC_ISA_USAGE = YES_ERROR;
				CLANG_WARN_DOCUMENTATION_COMMENTS = YES;
				CLANG_WARN_EMPTY_BODY = YES;
				CLANG_WARN_ENUM_CONVERSION = YES;
				CLANG_WARN_INFINITE_RECURSION = YES;
				CLANG_WARN_INT_CONVERSION = YES;
				CLANG_WARN_NON_LITERAL_NULL_CONVERSION = YES;
				CLANG_WARN_OBJC_IMPLICIT_RETAIN_SELF = YES;
				CLANG_WARN_OBJC_LITERAL_CONVERSION = YES;
				CLANG_WARN_OBJC_ROOT_CLASS = YES_ERROR;
				CLANG_WARN_QUOTED_INCLUDE_IN_FRAMEWORK_HEADER = YES;
				CLANG_WARN_RANGE_LOOP_ANALYSIS = YES;
				CLANG_WARN_STRICT_PROTOTYPES = YES;
				CLANG_WARN_SUSPICIOUS_MOVE = YES;
				CLANG_WARN_UNGUARDED_AVAILABILITY = YES_AGGRESSIVE;
				CLANG_WARN_UNREACHABLE_CODE = YES;
				CLANG_WARN__DUPLICATE_METHOD_MATCH = YES;
				COPY_PHASE_STRIP = NO;
				CURRENT_PROJECT_VERSION = 1;
				DEBUG_INFORMATION_FORMAT = dwarf;
				DEVELOPMENT_TEAM = TZ93VW7Y2X;
				ENABLE_STRICT_OBJC_MSGSEND = YES;
				ENABLE_TESTABILITY = YES;
				ENABLE_USER_SCRIPT_SANDBOXING = YES;
				GCC_C_LANGUAGE_STANDARD = gnu17;
				GCC_DYNAMIC_NO_PIC = NO;
				GCC_NO_COMMON_BLOCKS = YES;
				GCC_OPTIMIZATION_LEVEL = 0;
				GCC_PREPROCESSOR_DEFINITIONS = (
					"DEBUG=1",
					"$(inherited)",
				);
				GCC_WARN_64_TO_32_BIT_CONVERSION = YES;
				GCC_WARN_ABOUT_RETURN_TYPE = YES_ERROR;
				GCC_WARN_UNDECLARED_SELECTOR = YES;
				GCC_WARN_UNINITIALIZED_AUTOS = YES_AGGRESSIVE;
				GCC_WARN_UNUSED_FUNCTION = YES;
				GCC_WARN_UNUSED_VARIABLE = YES;
				LOCALIZATION_PREFERS_STRING_CATALOGS = YES;
				MTL_ENABLE_DEBUG_INFO = INCLUDE_SOURCE;
				MTL_FAST_MATH = YES;
				ONLY_ACTIVE_ARCH = YES;
				SWIFT_ACTIVE_COMPILATION_CONDITIONS = "DEBUG $(inherited)";
				SWIFT_OPTIMIZATION_LEVEL = "-Onone";
				VERSIONING_SYSTEM = "apple-generic";
				VERSION_INFO_PREFIX = "";
			};
			name = Debug;
		};
		0AF60B802FCE84D70089AF48 /* Release */ = {
			isa = XCBuildConfiguration;
			buildSettings = {
				ALWAYS_SEARCH_USER_PATHS = NO;
				ASSETCATALOG_COMPILER_GENERATE_SWIFT_ASSET_SYMBOL_EXTENSIONS = YES;
				CLANG_ANALYZER_NONNULL = YES;
				CLANG_ANALYZER_NUMBER_OBJECT_CONVERSION = YES_AGGRESSIVE;
				CLANG_CXX_LANGUAGE_STANDARD = "gnu++20";
				CLANG_ENABLE_MODULES = YES;
				CLANG_ENABLE_OBJC_ARC = YES;
				CLANG_ENABLE_OBJC_WEAK = YES;
				CLANG_WARN_BLOCK_CAPTURE_AUTORELEASING = YES;
				CLANG_WARN_BOOL_CONVERSION = YES;
				CLANG_WARN_COMMA = YES;
				CLANG_WARN_CONSTANT_CONVERSION = YES;
				CLANG_WARN_DEPRECATED_OBJC_IMPLEMENTATIONS = YES;
				CLANG_WARN_DIRECT_OBJC_ISA_USAGE = YES_ERROR;
				CLANG_WARN_DOCUMENTATION_COMMENTS = YES;
				CLANG_WARN_EMPTY_BODY = YES;
				CLANG_WARN_ENUM_CONVERSION = YES;
				CLANG_WARN_INFINITE_RECURSION = YES;
				CLANG_WARN_INT_CONVERSION = YES;
				CLANG_WARN_NON_LITERAL_NULL_CONVERSION = YES;
				CLANG_WARN_OBJC_IMPLICIT_RETAIN_SELF = YES;
				CLANG_WARN_OBJC_LITERAL_CONVERSION = YES;
				CLANG_WARN_OBJC_ROOT_CLASS = YES_ERROR;
				CLANG_WARN_QUOTED_INCLUDE_IN_FRAMEWORK_HEADER = YES;
				CLANG_WARN_RANGE_LOOP_ANALYSIS = YES;
				CLANG_WARN_STRICT_PROTOTYPES = YES;
				CLANG_WARN_SUSPICIOUS_MOVE = YES;
				CLANG_WARN_UNGUARDED_AVAILABILITY = YES_AGGRESSIVE;
				CLANG_WARN_UNREACHABLE_CODE = YES;
				CLANG_WARN__DUPLICATE_METHOD_MATCH = YES;
				COPY_PHASE_STRIP = NO;
				CURRENT_PROJECT_VERSION = 1;
				DEBUG_INFORMATION_FORMAT = "dwarf-with-dsym";
				DEVELOPMENT_TEAM = TZ93VW7Y2X;
				ENABLE_NS_ASSERTIONS = NO;
				ENABLE_STRICT_OBJC_MSGSEND = YES;
				ENABLE_USER_SCRIPT_SANDBOXING = YES;
				GCC_C_LANGUAGE_STANDARD = gnu17;
				GCC_NO_COMMON_BLOCKS = YES;
				GCC_WARN_64_TO_32_BIT_CONVERSION = YES;
				GCC_WARN_ABOUT_RETURN_TYPE = YES_ERROR;
				GCC_WARN_UNDECLARED_SELECTOR = YES;
				GCC_WARN_UNINITIALIZED_AUTOS = YES_AGGRESSIVE;
				GCC_WARN_UNUSED_FUNCTION = YES;
				GCC_WARN_UNUSED_VARIABLE = YES;
				LOCALIZATION_PREFERS_STRING_CATALOGS = YES;
				MTL_ENABLE_DEBUG_INFO = NO;
				MTL_FAST_MATH = YES;
				SWIFT_COMPILATION_MODE = wholemodule;
				VERSIONING_SYSTEM = "apple-generic";
				VERSION_INFO_PREFIX = "";
			};
			name = Release;
		};
		0AF60B822FCE84D70089AF48 /* Debug */ = {
			isa = XCBuildConfiguration;
			buildSettings = {
				ALLOW_TARGET_PLATFORM_SPECIALIZATION = YES;
				BUILD_LIBRARY_FOR_DISTRIBUTION = NO;
				CODE_SIGN_STYLE = Automatic;
				CURRENT_PROJECT_VERSION = 1;
				DEVELOPMENT_TEAM = TZ93VW7Y2X;
				DYLIB_COMPATIBILITY_VERSION = 1;
				DYLIB_CURRENT_VERSION = 1;
				DYLIB_INSTALL_NAME_BASE = "@rpath";
				ENABLE_MODULE_VERIFIER = YES;
				GENERATE_INFOPLIST_FILE = YES;
				INFOPLIST_KEY_NSHumanReadableCopyright = "";
				INSTALL_PATH = "$(LOCAL_LIBRARY_DIR)/Frameworks";
				IPHONEOS_DEPLOYMENT_TARGET = 26.1;
				LD_RUNPATH_SEARCH_PATHS = (
					"@executable_path/Frameworks",
					"@loader_path/Frameworks",
				);
				"LD_RUNPATH_SEARCH_PATHS[sdk=macosx*]" = (
					"@executable_path/../Frameworks",
					"@loader_path/Frameworks",
				);
				MACOSX_DEPLOYMENT_TARGET = 26.1;
				MARKETING_VERSION = 1.0;
				MODULE_VERIFIER_SUPPORTED_LANGUAGES = "objective-c objective-c++";
				MODULE_VERIFIER_SUPPORTED_LANGUAGE_STANDARDS = "gnu17 gnu++20";
				PRODUCT_BUNDLE_IDENTIFIER = shawna.LocalAIKit;
				PRODUCT_NAME = "$(TARGET_NAME:c99extidentifier)";
				SDKROOT = auto;
				SKIP_INSTALL = YES;
				STRING_CATALOG_GENERATE_SYMBOLS = YES;
				SUPPORTED_PLATFORMS = "iphoneos iphonesimulator macosx xros xrsimulator";
				SUPPORTS_MACCATALYST = YES;
				SWIFT_APPROACHABLE_CONCURRENCY = YES;
				SWIFT_EMIT_LOC_STRINGS = YES;
				SWIFT_INSTALL_MODULE = YES;
				SWIFT_INSTALL_OBJC_HEADER = NO;
				SWIFT_UPCOMING_FEATURE_MEMBER_IMPORT_VISIBILITY = YES;
				SWIFT_VERSION = 5.0;
				TARGETED_DEVICE_FAMILY = "1,2,7";
				XROS_DEPLOYMENT_TARGET = 26.1;
			};
			name = Debug;
		};
		0AF60B832FCE84D70089AF48 /* Release */ = {
			isa = XCBuildConfiguration;
			buildSettings = {
				ALLOW_TARGET_PLATFORM_SPECIALIZATION = YES;
				BUILD_LIBRARY_FOR_DISTRIBUTION = NO;
				CODE_SIGN_STYLE = Automatic;
				CURRENT_PROJECT_VERSION = 1;
				DEVELOPMENT_TEAM = TZ93VW7Y2X;
				DYLIB_COMPATIBILITY_VERSION = 1;
				DYLIB_CURRENT_VERSION = 1;
				DYLIB_INSTALL_NAME_BASE = "@rpath";
				ENABLE_MODULE_VERIFIER = YES;
				GENERATE_INFOPLIST_FILE = YES;
				INFOPLIST_KEY_NSHumanReadableCopyright = "";
				INSTALL_PATH = "$(LOCAL_LIBRARY_DIR)/Frameworks";
				IPHONEOS_DEPLOYMENT_TARGET = 26.1;
				LD_RUNPATH_SEARCH_PATHS = (
					"@executable_path/Frameworks",
					"@loader_path/Frameworks",
				);
				"LD_RUNPATH_SEARCH_PATHS[sdk=macosx*]" = (
					"@executable_path/../Frameworks",
					"@loader_path/Frameworks",
				);
				MACOSX_DEPLOYMENT_TARGET = 26.1;
				MARKETING_VERSION = 1.0;
				MODULE_VERIFIER_SUPPORTED_LANGUAGES = "objective-c objective-c++";
				MODULE_VERIFIER_SUPPORTED_LANGUAGE_STANDARDS = "gnu17 gnu++20";
				PRODUCT_BUNDLE_IDENTIFIER = shawna.LocalAIKit;
				PRODUCT_NAME = "$(TARGET_NAME:c99extidentifier)";
				SDKROOT = auto;
				SKIP_INSTALL = YES;
				STRING_CATALOG_GENERATE_SYMBOLS = YES;
				SUPPORTED_PLATFORMS = "iphoneos iphonesimulator macosx xros xrsimulator";
				SUPPORTS_MACCATALYST = YES;
				SWIFT_APPROACHABLE_CONCURRENCY = YES;
				SWIFT_EMIT_LOC_STRINGS = YES;
				SWIFT_INSTALL_MODULE = YES;
				SWIFT_INSTALL_OBJC_HEADER = NO;
				SWIFT_UPCOMING_FEATURE_MEMBER_IMPORT_VISIBILITY = YES;
				SWIFT_VERSION = 5.0;
				TARGETED_DEVICE_FAMILY = "1,2,7";
				XROS_DEPLOYMENT_TARGET = 26.1;
			};
			name = Release;
		};
		0AF60B852FCE84D70089AF48 /* Debug */ = {
			isa = XCBuildConfiguration;
			buildSettings = {
				ALLOW_TARGET_PLATFORM_SPECIALIZATION = YES;
				CODE_SIGN_STYLE = Automatic;
				CURRENT_PROJECT_VERSION = 1;
				DEVELOPMENT_TEAM = TZ93VW7Y2X;
				GENERATE_INFOPLIST_FILE = YES;
				IPHONEOS_DEPLOYMENT_TARGET = 26.1;
				MACOSX_DEPLOYMENT_TARGET = 26.1;
				MARKETING_VERSION = 1.0;
				PRODUCT_BUNDLE_IDENTIFIER = shawna.LocalAIKitTests;
				PRODUCT_NAME = "$(TARGET_NAME)";
				SDKROOT = auto;
				STRING_CATALOG_GENERATE_SYMBOLS = NO;
				SUPPORTED_PLATFORMS = "iphoneos iphonesimulator macosx xros xrsimulator";
				SWIFT_APPROACHABLE_CONCURRENCY = YES;
				SWIFT_EMIT_LOC_STRINGS = NO;
				SWIFT_UPCOMING_FEATURE_MEMBER_IMPORT_VISIBILITY = YES;
				SWIFT_VERSION = 5.0;
				TARGETED_DEVICE_FAMILY = "1,2,7";
				XROS_DEPLOYMENT_TARGET = 26.1;
			};
			name = Debug;
		};
		0AF60B862FCE84D70089AF48 /* Release */ = {
			isa = XCBuildConfiguration;
			buildSettings = {
				ALLOW_TARGET_PLATFORM_SPECIALIZATION = YES;
				CODE_SIGN_STYLE = Automatic;
				CURRENT_PROJECT_VERSION = 1;
				DEVELOPMENT_TEAM = TZ93VW7Y2X;
				GENERATE_INFOPLIST_FILE = YES;
				IPHONEOS_DEPLOYMENT_TARGET = 26.1;
				MACOSX_DEPLOYMENT_TARGET = 26.1;
				MARKETING_VERSION = 1.0;
				PRODUCT_BUNDLE_IDENTIFIER = shawna.LocalAIKitTests;
				PRODUCT_NAME = "$(TARGET_NAME)";
				SDKROOT = auto;
				STRING_CATALOG_GENERATE_SYMBOLS = NO;
				SUPPORTED_PLATFORMS = "iphoneos iphonesimulator macosx xros xrsimulator";
				SWIFT_APPROACHABLE_CONCURRENCY = YES;
				SWIFT_EMIT_LOC_STRINGS = NO;
				SWIFT_UPCOMING_FEATURE_MEMBER_IMPORT_VISIBILITY = YES;
				SWIFT_VERSION = 5.0;
				TARGETED_DEVICE_FAMILY = "1,2,7";
				XROS_DEPLOYMENT_TARGET = 26.1;
			};
			name = Release;
		};
		1A3B4C5D6E7F8091A2B3C408 /* Debug */ = {
			isa = XCBuildConfiguration;
			buildSettings = {
				CODE_SIGN_STYLE = Automatic;
				CURRENT_PROJECT_VERSION = 1;
				DEVELOPMENT_TEAM = TZ93VW7Y2X;
				GENERATE_INFOPLIST_FILE = YES;
				LD_RUNPATH_SEARCH_PATHS = (
					"@executable_path/../Frameworks",
					"@loader_path/Frameworks",
				);
				MACH_O_TYPE = mh_execute;
				MACOSX_DEPLOYMENT_TARGET = 26.1;
				MARKETING_VERSION = 1.0;
				ONLY_ACTIVE_ARCH = YES;
				PRODUCT_BUNDLE_IDENTIFIER = shawna.LocalAIKitCLI;
				PRODUCT_NAME = "$(TARGET_NAME)";
				SDKROOT = macosx;
				SWIFT_APPROACHABLE_CONCURRENCY = YES;
				SWIFT_EMIT_LOC_STRINGS = YES;
				SWIFT_VERSION = 5.0;
			};
			name = Debug;
		};
		1A3B4C5D6E7F8091A2B3C409 /* Release */ = {
			isa = XCBuildConfiguration;
			buildSettings = {
				CODE_SIGN_STYLE = Automatic;
				CURRENT_PROJECT_VERSION = 1;
				DEVELOPMENT_TEAM = TZ93VW7Y2X;
				GENERATE_INFOPLIST_FILE = YES;
				LD_RUNPATH_SEARCH_PATHS = (
					"@executable_path/../Frameworks",
					"@loader_path/Frameworks",
				);
				MACH_O_TYPE = mh_execute;
				MACOSX_DEPLOYMENT_TARGET = 26.1;
				MARKETING_VERSION = 1.0;
				PRODUCT_BUNDLE_IDENTIFIER = shawna.LocalAIKitCLI;
				PRODUCT_NAME = "$(TARGET_NAME)";
				SDKROOT = macosx;
				SWIFT_APPROACHABLE_CONCURRENCY = YES;
				SWIFT_EMIT_LOC_STRINGS = YES;
				SWIFT_VERSION = 5.0;
			};
			name = Release;
		};
/* End XCBuildConfiguration section */

/* Begin XCConfigurationList section */
		0AF60B672FCE84D70089AF48 /* Build configuration list for PBXProject "LocalAIKit" */ = {
			isa = XCConfigurationList;
			buildConfigurations = (
				0AF60B7F2FCE84D70089AF48 /* Debug */,
				0AF60B802FCE84D70089AF48 /* Release */,
			);
			defaultConfigurationIsVisible = 0;
			defaultConfigurationName = Release;
		};
		0AF60B812FCE84D70089AF48 /* Build configuration list for PBXNativeTarget "LocalAIKit" */ = {
			isa = XCConfigurationList;
			buildConfigurations = (
				0AF60B822FCE84D70089AF48 /* Debug */,
				0AF60B832FCE84D70089AF48 /* Release */,
			);
			defaultConfigurationIsVisible = 0;
			defaultConfigurationName = Release;
		};
		0AF60B842FCE84D70089AF48 /* Build configuration list for PBXNativeTarget "LocalAIKitTests" */ = {
			isa = XCConfigurationList;
			buildConfigurations = (
				0AF60B852FCE84D70089AF48 /* Debug */,
				0AF60B862FCE84D70089AF48 /* Release */,
			);
			defaultConfigurationIsVisible = 0;
			defaultConfigurationName = Release;
		};
		1A3B4C5D6E7F8091A2B3C407 /* Build configuration list for PBXNativeTarget "LocalAIKitCLI" */ = {
			isa = XCConfigurationList;
			buildConfigurations = (
				1A3B4C5D6E7F8091A2B3C408 /* Debug */,
				1A3B4C5D6E7F8091A2B3C409 /* Release */,
			);
			defaultConfigurationIsVisible = 0;
			defaultConfigurationName = Release;
		};
/* End XCConfigurationList section */
	};
	rootObject = 0AF60B642FCE84D70089AF48 /* Project object */;
}
