// !$*UTF8*$!
{
	archiveVersion = 1;
	classes = {
	};
	objectVersion = 77;
	objects = {

/* Begin PBXBuildFile section */
		0AE44E532FD7B6400032DB82 /* LocalAIKit.framework in Frameworks */ = {isa = PBXBuildFile; fileRef = 0AE44E522FD7B6400032DB82 /* LocalAIKit.framework */; };
		0AE44E542FD7B6400032DB82 /* LocalAIKit.framework in Embed Frameworks */ = {isa = PBXBuildFile; fileRef = 0AE44E522FD7B6400032DB82 /* LocalAIKit.framework */; settings = {ATTRIBUTES = (CodeSignOnCopy, RemoveHeadersOnCopy, ); }; };
/* End PBXBuildFile section */

/* Begin PBXContainerItemProxy section */
		0AE44E262FD7B5F20032DB82 /* PBXContainerItemProxy */ = {
			isa = PBXContainerItemProxy;
			containerPortal = 0AE44E102FD7B5F20032DB82 /* Project object */;
			proxyType = 1;
			remoteGlobalIDString = 0AE44E172FD7B5F20032DB82;
			remoteInfo = LocalAIAppKitDemo;
		};
		0AE44E302FD7B5F20032DB82 /* PBXContainerItemProxy */ = {
			isa = PBXContainerItemProxy;
			containerPortal = 0AE44E102FD7B5F20032DB82 /* Project object */;
			proxyType = 1;
			remoteGlobalIDString = 0AE44E172FD7B5F20032DB82;
			remoteInfo = LocalAIAppKitDemo;
		};
/* End PBXContainerItemProxy section */

/* Begin PBXCopyFilesBuildPhase section */
		0AE44E552FD7B6400032DB82 /* Embed Frameworks */ = {
			isa = PBXCopyFilesBuildPhase;
			buildActionMask = 2147483647;
			dstPath = "";
			dstSubfolderSpec = 10;
			files = (
				0AE44E542FD7B6400032DB82 /* LocalAIKit.framework in Embed Frameworks */,
			);
			name = "Embed Frameworks";
			runOnlyForDeploymentPostprocessing = 0;
		};
/* End PBXCopyFilesBuildPhase section */

/* Begin PBXFileReference section */
		0AE44E182FD7B5F20032DB82 /* LocalAIAppKitDemo.app */ = {isa = PBXFileReference; explicitFileType = wrapper.application; includeInIndex = 0; path = LocalAIAppKitDemo.app; sourceTree = BUILT_PRODUCTS_DIR; };
		0AE44E252FD7B5F20032DB82 /* LocalAIAppKitDemoTests.xctest */ = {isa = PBXFileReference; explicitFileType = wrapper.cfbundle; includeInIndex = 0; path = LocalAIAppKitDemoTests.xctest; sourceTree = BUILT_PRODUCTS_DIR; };
		0AE44E2F2FD7B5F20032DB82 /* LocalAIAppKitDemoUITests.xctest */ = {isa = PBXFileReference; explicitFileType = wrapper.cfbundle; includeInIndex = 0; path = LocalAIAppKitDemoUITests.xctest; sourceTree = BUILT_PRODUCTS_DIR; };
		0AE44E522FD7B6400032DB82 /* LocalAIKit.framework */ = {isa = PBXFileReference; explicitFileType = wrapper.framework; path = LocalAIKit.framework; sourceTree = BUILT_PRODUCTS_DIR; };
/* End PBXFileReference section */

/* Begin PBXFileSystemSynchronizedBuildFileExceptionSet section */
		0AE44E7D2FE1A7E30032DB82 /* Exceptions for "LocalAIAppKitDemo" folder in "LocalAIAppKitDemo" target */ = {
			isa = PBXFileSystemSynchronizedBuildFileExceptionSet;
			membershipExceptions = (
				Info.plist,
			);
			target = 0AE44E172FD7B5F20032DB82 /* LocalAIAppKitDemo */;
		};
/* End PBXFileSystemSynchronizedBuildFileExceptionSet section */

/* Begin PBXFileSystemSynchronizedRootGroup section */
		0AE44E1A2FD7B5F20032DB82 /* LocalAIAppKitDemo */ = {
			isa = PBXFileSystemSynchronizedRootGroup;
			exceptions = (
				0AE44E7D2FE1A7E30032DB82 /* Exceptions for "LocalAIAppKitDemo" folder in "LocalAIAppKitDemo" target */,
			);
			path = LocalAIAppKitDemo;
			sourceTree = "<group>";
		};
		0AE44E282FD7B5F20032DB82 /* LocalAIAppKitDemoTests */ = {
			isa = PBXFileSystemSynchronizedRootGroup;
			path = LocalAIAppKitDemoTests;
			sourceTree = "<group>";
		};
		0AE44E322FD7B5F20032DB82 /* LocalAIAppKitDemoUITests */ = {
			isa = PBXFileSystemSynchronizedRootGroup;
			path = LocalAIAppKitDemoUITests;
			sourceTree = "<group>";
		};
/* End PBXFileSystemSynchronizedRootGroup section */

/* Begin PBXFrameworksBuildPhase section */
		0AE44E152FD7B5F20032DB82 /* Frameworks */ = {
			isa = PBXFrameworksBuildPhase;
			buildActionMask = 2147483647;
			files = (
				0AE44E532FD7B6400032DB82 /* LocalAIKit.framework in Frameworks */,
			);
			runOnlyForDeploymentPostprocessing = 0;
		};
		0AE44E222FD7B5F20032DB82 /* Frameworks */ = {
			isa = PBXFrameworksBuildPhase;
			buildActionMask = 2147483647;
			files = (
			);
			runOnlyForDeploymentPostprocessing = 0;
		};
		0AE44E2C2FD7B5F20032DB82 /* Frameworks */ = {
			isa = PBXFrameworksBuildPhase;
			buildActionMask = 2147483647;
			files = (
			);
			runOnlyForDeploymentPostprocessing = 0;
		};
/* End PBXFrameworksBuildPhase section */

/* Begin PBXGroup section */
		0AE44E0F2FD7B5F20032DB82 = {
			isa = PBXGroup;
			children = (
				0AE44E1A2FD7B5F20032DB82 /* LocalAIAppKitDemo */,
				0AE44E282FD7B5F20032DB82 /* LocalAIAppKitDemoTests */,
				0AE44E322FD7B5F20032DB82 /* LocalAIAppKitDemoUITests */,
				0AE44E512FD7B6400032DB82 /* Frameworks */,
				0AE44E192FD7B5F20032DB82 /* Products */,
			);
			sourceTree = "<group>";
		};
		0AE44E192FD7B5F20032DB82 /* Products */ = {
			isa = PBXGroup;
			children = (
				0AE44E182FD7B5F20032DB82 /* LocalAIAppKitDemo.app */,
				0AE44E252FD7B5F20032DB82 /* LocalAIAppKitDemoTests.xctest */,
				0AE44E2F2FD7B5F20032DB82 /* LocalAIAppKitDemoUITests.xctest */,
			);
			name = Products;
			sourceTree = "<group>";
		};
		0AE44E512FD7B6400032DB82 /* Frameworks */ = {
			isa = PBXGroup;
			children = (
				0AE44E522FD7B6400032DB82 /* LocalAIKit.framework */,
			);
			name = Frameworks;
			sourceTree = "<group>";
		};
/* End PBXGroup section */

/* Begin PBXNativeTarget section */
		0AE44E172FD7B5F20032DB82 /* LocalAIAppKitDemo */ = {
			isa = PBXNativeTarget;
			buildConfigurationList = 0AE44E392FD7B5F20032DB82 /* Build configuration list for PBXNativeTarget "LocalAIAppKitDemo" */;
			buildPhases = (
				0AE44E142FD7B5F20032DB82 /* Sources */,
				0AE44E152FD7B5F20032DB82 /* Frameworks */,
				0AE44E162FD7B5F20032DB82 /* Resources */,
				0AE44E552FD7B6400032DB82 /* Embed Frameworks */,
			);
			buildRules = (
			);
			dependencies = (
			);
			fileSystemSynchronizedGroups = (
				0AE44E1A2FD7B5F20032DB82 /* LocalAIAppKitDemo */,
			);
			name = LocalAIAppKitDemo;
			packageProductDependencies = (
			);
			productName = LocalAIAppKitDemo;
			productReference = 0AE44E182FD7B5F20032DB82 /* LocalAIAppKitDemo.app */;
			productType = "com.apple.product-type.application";
		};
		0AE44E242FD7B5F20032DB82 /* LocalAIAppKitDemoTests */ = {
			isa = PBXNativeTarget;
			buildConfigurationList = 0AE44E3C2FD7B5F20032DB82 /* Build configuration list for PBXNativeTarget "LocalAIAppKitDemoTests" */;
			buildPhases = (
				0AE44E212FD7B5F20032DB82 /* Sources */,
				0AE44E222FD7B5F20032DB82 /* Frameworks */,
				0AE44E232FD7B5F20032DB82 /* Resources */,
			);
			buildRules = (
			);
			dependencies = (
				0AE44E272FD7B5F20032DB82 /* PBXTargetDependency */,
			);
			fileSystemSynchronizedGroups = (
				0AE44E282FD7B5F20032DB82 /* LocalAIAppKitDemoTests */,
			);
			name = LocalAIAppKitDemoTests;
			packageProductDependencies = (
			);
			productName = LocalAIAppKitDemoTests;
			productReference = 0AE44E252FD7B5F20032DB82 /* LocalAIAppKitDemoTests.xctest */;
			productType = "com.apple.product-type.bundle.unit-test";
		};
		0AE44E2E2FD7B5F20032DB82 /* LocalAIAppKitDemoUITests */ = {
			isa = PBXNativeTarget;
			buildConfigurationList = 0AE44E3F2FD7B5F20032DB82 /* Build configuration list for PBXNativeTarget "LocalAIAppKitDemoUITests" */;
			buildPhases = (
				0AE44E2B2FD7B5F20032DB82 /* Sources */,
				0AE44E2C2FD7B5F20032DB82 /* Frameworks */,
				0AE44E2D2FD7B5F20032DB82 /* Resources */,
			);
			buildRules = (
			);
			dependencies = (
				0AE44E312FD7B5F20032DB82 /* PBXTargetDependency */,
			);
			fileSystemSynchronizedGroups = (
				0AE44E322FD7B5F20032DB82 /* LocalAIAppKitDemoUITests */,
			);
			name = LocalAIAppKitDemoUITests;
			packageProductDependencies = (
			);
			productName = LocalAIAppKitDemoUITests;
			productReference = 0AE44E2F2FD7B5F20032DB82 /* LocalAIAppKitDemoUITests.xctest */;
			productType = "com.apple.product-type.bundle.ui-testing";
		};
/* End PBXNativeTarget section */

/* Begin PBXProject section */
		0AE44E102FD7B5F20032DB82 /* Project object */ = {
			isa = PBXProject;
			attributes = {
				BuildIndependentTargetsInParallel = 1;
				LastSwiftUpdateCheck = 2610;
				LastUpgradeCheck = 2610;
				TargetAttributes = {
					0AE44E172FD7B5F20032DB82 = {
						CreatedOnToolsVersion = 26.1.1;
					};
					0AE44E242FD7B5F20032DB82 = {
						CreatedOnToolsVersion = 26.1.1;
						TestTargetID = 0AE44E172FD7B5F20032DB82;
					};
					0AE44E2E2FD7B5F20032DB82 = {
						CreatedOnToolsVersion = 26.1.1;
						TestTargetID = 0AE44E172FD7B5F20032DB82;
					};
				};
			};
			buildConfigurationList = 0AE44E132FD7B5F20032DB82 /* Build configuration list for PBXProject "LocalAIAppKitDemo" */;
			developmentRegion = en;
			hasScannedForEncodings = 0;
			knownRegions = (
				en,
				Base,
			);
			mainGroup = 0AE44E0F2FD7B5F20032DB82;
			minimizedProjectReferenceProxies = 1;
			preferredProjectObjectVersion = 77;
			productRefGroup = 0AE44E192FD7B5F20032DB82 /* Products */;
			projectDirPath = "";
			projectRoot = "";
			targets = (
				0AE44E172FD7B5F20032DB82 /* LocalAIAppKitDemo */,
				0AE44E242FD7B5F20032DB82 /* LocalAIAppKitDemoTests */,
				0AE44E2E2FD7B5F20032DB82 /* LocalAIAppKitDemoUITests */,
			);
		};
/* End PBXProject section */

/* Begin PBXResourcesBuildPhase section */
		0AE44E162FD7B5F20032DB82 /* Resources */ = {
			isa = PBXResourcesBuildPhase;
			buildActionMask = 2147483647;
			files = (
			);
			runOnlyForDeploymentPostprocessing = 0;
		};
		0AE44E232FD7B5F20032DB82 /* Resources */ = {
			isa = PBXResourcesBuildPhase;
			buildActionMask = 2147483647;
			files = (
			);
			runOnlyForDeploymentPostprocessing = 0;
		};
		0AE44E2D2FD7B5F20032DB82 /* Resources */ = {
			isa = PBXResourcesBuildPhase;
			buildActionMask = 2147483647;
			files = (
			);
			runOnlyForDeploymentPostprocessing = 0;
		};
/* End PBXResourcesBuildPhase section */

/* Begin PBXSourcesBuildPhase section */
		0AE44E142FD7B5F20032DB82 /* Sources */ = {
			isa = PBXSourcesBuildPhase;
			buildActionMask = 2147483647;
			files = (
			);
			runOnlyForDeploymentPostprocessing = 0;
		};
		0AE44E212FD7B5F20032DB82 /* Sources */ = {
			isa = PBXSourcesBuildPhase;
			buildActionMask = 2147483647;
			files = (
			);
			runOnlyForDeploymentPostprocessing = 0;
		};
		0AE44E2B2FD7B5F20032DB82 /* Sources */ = {
			isa = PBXSourcesBuildPhase;
			buildActionMask = 2147483647;
			files = (
			);
			runOnlyForDeploymentPostprocessing = 0;
		};
/* End PBXSourcesBuildPhase section */

/* Begin PBXTargetDependency section */
		0AE44E272FD7B5F20032DB82 /* PBXTargetDependency */ = {
			isa = PBXTargetDependency;
			target = 0AE44E172FD7B5F20032DB82 /* LocalAIAppKitDemo */;
			targetProxy = 0AE44E262FD7B5F20032DB82 /* PBXContainerItemProxy */;
		};
		0AE44E312FD7B5F20032DB82 /* PBXTargetDependency */ = {
			isa = PBXTargetDependency;
			target = 0AE44E172FD7B5F20032DB82 /* LocalAIAppKitDemo */;
			targetProxy = 0AE44E302FD7B5F20032DB82 /* PBXContainerItemProxy */;
		};
/* End PBXTargetDependency section */

/* Begin XCBuildConfiguration section */
		0AE44E372FD7B5F20032DB82 /* Debug */ = {
			isa = XCBuildConfiguration;
			buildSettings = {
				ALWAYS_SEARCH_USER_PATHS = NO;
				ASSETCATALOG_COMPILER_GENERATE_SWIFT_ASSET_SYMBOL_EXTENSIONS = YES;
				CLANG_ANALYZER_NONNULL = YES;
				CLANG_ANALYZER_NUMBER_OBJECT_CONVERSION = YES_AGGRESSIVE;
				CLANG_CXX_LANGUAGE_STANDARD = "gnu++20";
				CLANG_ENABLE_MODULES = YES;
				CLANG_ENABLE_OBJC_ARC = YES;
				CLANG_ENABLE_OBJC_WEAK = YES;
				CLANG_WARN_BLOCK_CAPTURE_AUTORELEASING = YES;
				CLANG_WARN_BOOL_CONVERSION = YES;
				CLANG_WARN_COMMA = YES;
				CLANG_WARN_CONSTANT_CONVERSION = YES;
				CLANG_WARN_DEPRECATED_OBJC_IMPLEMENTATIONS = YES;
				CLANG_WARN_DIRECT_OBJC_ISA_USAGE = YES_ERROR;
				CLANG_WARN_DOCUMENTATION_COMMENTS = YES;
				CLANG_WARN_EMPTY_BODY = YES;
				CLANG_WARN_ENUM_CONVERSION = YES;
				CLANG_WARN_INFINITE_RECURSION = YES;
				CLANG_WARN_INT_CONVERSION = YES;
				CLANG_WARN_NON_LITERAL_NULL_CONVERSION = YES;
				CLANG_WARN_OBJC_IMPLICIT_RETAIN_SELF = YES;
				CLANG_WARN_OBJC_LITERAL_CONVERSION = YES;
				CLANG_WARN_OBJC_ROOT_CLASS = YES_ERROR;
				CLANG_WARN_QUOTED_INCLUDE_IN_FRAMEWORK_HEADER = YES;
				CLANG_WARN_RANGE_LOOP_ANALYSIS = YES;
				CLANG_WARN_STRICT_PROTOTYPES = YES;
				CLANG_WARN_SUSPICIOUS_MOVE = YES;
				CLANG_WARN_UNGUARDED_AVAILABILITY = YES_AGGRESSIVE;
				CLANG_WARN_UNREACHABLE_CODE = YES;
				CLANG_WARN__DUPLICATE_METHOD_MATCH = YES;
				COPY_PHASE_STRIP = NO;
				DEBUG_INFORMATION_FORMAT = dwarf;
				ENABLE_STRICT_OBJC_MSGSEND = YES;
				ENABLE_TESTABILITY = YES;
				ENABLE_USER_SCRIPT_SANDBOXING = YES;
				GCC_C_LANGUAGE_STANDARD = gnu17;
				GCC_DYNAMIC_NO_PIC = NO;
				GCC_NO_COMMON_BLOCKS = YES;
				GCC_OPTIMIZATION_LEVEL = 0;
				GCC_PREPROCESSOR_DEFINITIONS = (
					"DEBUG=1",
					"$(inherited)",
				);
				GCC_WARN_64_TO_32_BIT_CONVERSION = YES;
				GCC_WARN_ABOUT_RETURN_TYPE = YES_ERROR;
				GCC_WARN_UNDECLARED_SELECTOR = YES;
				GCC_WARN_UNINITIALIZED_AUTOS = YES_AGGRESSIVE;
				GCC_WARN_UNUSED_FUNCTION = YES;
				GCC_WARN_UNUSED_VARIABLE = YES;
				LOCALIZATION_PREFERS_STRING_CATALOGS = YES;
				MTL_ENABLE_DEBUG_INFO = INCLUDE_SOURCE;
				MTL_FAST_MATH = YES;
				ONLY_ACTIVE_ARCH = YES;
				SWIFT_ACTIVE_COMPILATION_CONDITIONS = "DEBUG $(inherited)";
				SWIFT_OPTIMIZATION_LEVEL = "-Onone";
			};
			name = Debug;
		};
		0AE44E382FD7B5F20032DB82 /* Release */ = {
			isa = XCBuildConfiguration;
			buildSettings = {
				ALWAYS_SEARCH_USER_PATHS = NO;
				ASSETCATALOG_COMPILER_GENERATE_SWIFT_ASSET_SYMBOL_EXTENSIONS = YES;
				CLANG_ANALYZER_NONNULL = YES;
				CLANG_ANALYZER_NUMBER_OBJECT_CONVERSION = YES_AGGRESSIVE;
				CLANG_CXX_LANGUAGE_STANDARD = "gnu++20";
				CLANG_ENABLE_MODULES = YES;
				CLANG_ENABLE_OBJC_ARC = YES;
				CLANG_ENABLE_OBJC_WEAK = YES;
				CLANG_WARN_BLOCK_CAPTURE_AUTORELEASING = YES;
				CLANG_WARN_BOOL_CONVERSION = YES;
				CLANG_WARN_COMMA = YES;
				CLANG_WARN_CONSTANT_CONVERSION = YES;
				CLANG_WARN_DEPRECATED_OBJC_IMPLEMENTATIONS = YES;
				CLANG_WARN_DIRECT_OBJC_ISA_USAGE = YES_ERROR;
				CLANG_WARN_DOCUMENTATION_COMMENTS = YES;
				CLANG_WARN_EMPTY_BODY = YES;
				CLANG_WARN_ENUM_CONVERSION = YES;
				CLANG_WARN_INFINITE_RECURSION = YES;
				CLANG_WARN_INT_CONVERSION = YES;
				CLANG_WARN_NON_LITERAL_NULL_CONVERSION = YES;
				CLANG_WARN_OBJC_IMPLICIT_RETAIN_SELF = YES;
				CLANG_WARN_OBJC_LITERAL_CONVERSION = YES;
				CLANG_WARN_OBJC_ROOT_CLASS = YES_ERROR;
				CLANG_WARN_QUOTED_INCLUDE_IN_FRAMEWORK_HEADER = YES;
				CLANG_WARN_RANGE_LOOP_ANALYSIS = YES;
				CLANG_WARN_STRICT_PROTOTYPES = YES;
				CLANG_WARN_SUSPICIOUS_MOVE = YES;
				CLANG_WARN_UNGUARDED_AVAILABILITY = YES_AGGRESSIVE;
				CLANG_WARN_UNREACHABLE_CODE = YES;
				CLANG_WARN__DUPLICATE_METHOD_MATCH = YES;
				COPY_PHASE_STRIP = NO;
				DEBUG_INFORMATION_FORMAT = "dwarf-with-dsym";
				ENABLE_NS_ASSERTIONS = NO;
				ENABLE_STRICT_OBJC_MSGSEND = YES;
				ENABLE_USER_SCRIPT_SANDBOXING = YES;
				GCC_C_LANGUAGE_STANDARD = gnu17;
				GCC_NO_COMMON_BLOCKS = YES;
				GCC_WARN_64_TO_32_BIT_CONVERSION = YES;
				GCC_WARN_ABOUT_RETURN_TYPE = YES_ERROR;
				GCC_WARN_UNDECLARED_SELECTOR = YES;
				GCC_WARN_UNINITIALIZED_AUTOS = YES_AGGRESSIVE;
				GCC_WARN_UNUSED_FUNCTION = YES;
				GCC_WARN_UNUSED_VARIABLE = YES;
				LOCALIZATION_PREFERS_STRING_CATALOGS = YES;
				MTL_ENABLE_DEBUG_INFO = NO;
				MTL_FAST_MATH = YES;
				SWIFT_COMPILATION_MODE = wholemodule;
			};
			name = Release;
		};
		0AE44E3A2FD7B5F20032DB82 /* Debug */ = {
			isa = XCBuildConfiguration;
			buildSettings = {
				ASSETCATALOG_COMPILER_APPICON_NAME = AppIcon;
				ASSETCATALOG_COMPILER_GLOBAL_ACCENT_COLOR_NAME = AccentColor;
				CODE_SIGN_STYLE = Automatic;
				CURRENT_PROJECT_VERSION = 1;
				DEVELOPMENT_TEAM = TZ93VW7Y2X;
				ENABLE_APP_SANDBOX = YES;
				ENABLE_PREVIEWS = YES;
				ENABLE_USER_SELECTED_FILES = readonly;
				GENERATE_INFOPLIST_FILE = YES;
				INFOPLIST_FILE = LocalAIAppKitDemo/Info.plist;
				"INFOPLIST_KEY_UIApplicationSceneManifest_Generation[sdk=iphoneos*]" = YES;
				"INFOPLIST_KEY_UIApplicationSceneManifest_Generation[sdk=iphonesimulator*]" = YES;
				"INFOPLIST_KEY_UIApplicationSupportsIndirectInputEvents[sdk=iphoneos*]" = YES;
				"INFOPLIST_KEY_UIApplicationSupportsIndirectInputEvents[sdk=iphonesimulator*]" = YES;
				"INFOPLIST_KEY_UILaunchScreen_Generation[sdk=iphoneos*]" = YES;
				"INFOPLIST_KEY_UILaunchScreen_Generation[sdk=iphonesimulator*]" = YES;
				"INFOPLIST_KEY_UIStatusBarStyle[sdk=iphoneos*]" = UIStatusBarStyleDefault;
				"INFOPLIST_KEY_UIStatusBarStyle[sdk=iphonesimulator*]" = UIStatusBarStyleDefault;
				INFOPLIST_KEY_UISupportedInterfaceOrientations = "UIInterfaceOrientationLandscapeLeft UIInterfaceOrientationLandscapeRight UIInterfaceOrientationPortrait";
				INFOPLIST_KEY_UISupportedInterfaceOrientations_iPad = "UIInterfaceOrientationLandscapeLeft UIInterfaceOrientationLandscapeRight UIInterfaceOrientationPortrait UIInterfaceOrientationPortraitUpsideDown";
				IPHONEOS_DEPLOYMENT_TARGET = 26.1;
				LD_RUNPATH_SEARCH_PATHS = "@executable_path/Frameworks";
				"LD_RUNPATH_SEARCH_PATHS[sdk=macosx*]" = "@executable_path/../Frameworks";
				MACOSX_DEPLOYMENT_TARGET = 26.1;
				MARKETING_VERSION = 1.0;
				PRODUCT_BUNDLE_IDENTIFIER = shawna.LocalAIAppKitDemo;
				PRODUCT_NAME = "$(TARGET_NAME)";
				REGISTER_APP_GROUPS = YES;
				SDKROOT = auto;
				STRING_CATALOG_GENERATE_SYMBOLS = YES;
				SUPPORTED_PLATFORMS = "iphoneos iphonesimulator macosx xros xrsimulator";
				SWIFT_APPROACHABLE_CONCURRENCY = YES;
				SWIFT_DEFAULT_ACTOR_ISOLATION = MainActor;
				SWIFT_EMIT_LOC_STRINGS = YES;
				SWIFT_UPCOMING_FEATURE_MEMBER_IMPORT_VISIBILITY = YES;
				SWIFT_VERSION = 5.0;
				TARGETED_DEVICE_FAMILY = "1,2,7";
				XROS_DEPLOYMENT_TARGET = 26.1;
			};
			name = Debug;
		};
		0AE44E3B2FD7B5F20032DB82 /* Release */ = {
			isa = XCBuildConfiguration;
			buildSettings = {
				ASSETCATALOG_COMPILER_APPICON_NAME = AppIcon;
				ASSETCATALOG_COMPILER_GLOBAL_ACCENT_COLOR_NAME = AccentColor;
				CODE_SIGN_STYLE = Automatic;
				CURRENT_PROJECT_VERSION = 1;
				DEVELOPMENT_TEAM = TZ93VW7Y2X;
				ENABLE_APP_SANDBOX = YES;
				ENABLE_PREVIEWS = YES;
				ENABLE_USER_SELECTED_FILES = readonly;
				GENERATE_INFOPLIST_FILE = YES;
				INFOPLIST_FILE = LocalAIAppKitDemo/Info.plist;
				"INFOPLIST_KEY_UIApplicationSceneManifest_Generation[sdk=iphoneos*]" = YES;
				"INFOPLIST_KEY_UIApplicationSceneManifest_Generation[sdk=iphonesimulator*]" = YES;
				"INFOPLIST_KEY_UIApplicationSupportsIndirectInputEvents[sdk=iphoneos*]" = YES;
				"INFOPLIST_KEY_UIApplicationSupportsIndirectInputEvents[sdk=iphonesimulator*]" = YES;
				"INFOPLIST_KEY_UILaunchScreen_Generation[sdk=iphoneos*]" = YES;
				"INFOPLIST_KEY_UILaunchScreen_Generation[sdk=iphonesimulator*]" = YES;
				"INFOPLIST_KEY_UIStatusBarStyle[sdk=iphoneos*]" = UIStatusBarStyleDefault;
				"INFOPLIST_KEY_UIStatusBarStyle[sdk=iphonesimulator*]" = UIStatusBarStyleDefault;
				INFOPLIST_KEY_UISupportedInterfaceOrientations = "UIInterfaceOrientationLandscapeLeft UIInterfaceOrientationLandscapeRight UIInterfaceOrientationPortrait";
				INFOPLIST_KEY_UISupportedInterfaceOrientations_iPad = "UIInterfaceOrientationLandscapeLeft UIInterfaceOrientationLandscapeRight UIInterfaceOrientationPortrait UIInterfaceOrientationPortraitUpsideDown";
				IPHONEOS_DEPLOYMENT_TARGET = 26.1;
				LD_RUNPATH_SEARCH_PATHS = "@executable_path/Frameworks";
				"LD_RUNPATH_SEARCH_PATHS[sdk=macosx*]" = "@executable_path/../Frameworks";
				MACOSX_DEPLOYMENT_TARGET = 26.1;
				MARKETING_VERSION = 1.0;
				PRODUCT_BUNDLE_IDENTIFIER = shawna.LocalAIAppKitDemo;
				PRODUCT_NAME = "$(TARGET_NAME)";
				REGISTER_APP_GROUPS = YES;
				SDKROOT = auto;
				STRING_CATALOG_GENERATE_SYMBOLS = YES;
				SUPPORTED_PLATFORMS = "iphoneos iphonesimulator macosx xros xrsimulator";
				SWIFT_APPROACHABLE_CONCURRENCY = YES;
				SWIFT_DEFAULT_ACTOR_ISOLATION = MainActor;
				SWIFT_EMIT_LOC_STRINGS = YES;
				SWIFT_UPCOMING_FEATURE_MEMBER_IMPORT_VISIBILITY = YES;
				SWIFT_VERSION = 5.0;
				TARGETED_DEVICE_FAMILY = "1,2,7";
				XROS_DEPLOYMENT_TARGET = 26.1;
			};
			name = Release;
		};
		0AE44E3D2FD7B5F20032DB82 /* Debug */ = {
			isa = XCBuildConfiguration;
			buildSettings = {
				BUNDLE_LOADER = "$(TEST_HOST)";
				CODE_SIGN_STYLE = Automatic;
				CURRENT_PROJECT_VERSION = 1;
				GENERATE_INFOPLIST_FILE = YES;
				IPHONEOS_DEPLOYMENT_TARGET = 26.1;
				MACOSX_DEPLOYMENT_TARGET = 26.1;
				MARKETING_VERSION = 1.0;
				PRODUCT_BUNDLE_IDENTIFIER = shawna.LocalAIAppKitDemoTests;
				PRODUCT_NAME = "$(TARGET_NAME)";
				SDKROOT = auto;
				STRING_CATALOG_GENERATE_SYMBOLS = NO;
				SUPPORTED_PLATFORMS = "iphoneos iphonesimulator macosx xros xrsimulator";
				SWIFT_APPROACHABLE_CONCURRENCY = YES;
				SWIFT_EMIT_LOC_STRINGS = NO;
				SWIFT_UPCOMING_FEATURE_MEMBER_IMPORT_VISIBILITY = YES;
				SWIFT_VERSION = 5.0;
				TARGETED_DEVICE_FAMILY = "1,2,7";
				TEST_HOST = "$(BUILT_PRODUCTS_DIR)/LocalAIAppKitDemo.app/$(BUNDLE_EXECUTABLE_FOLDER_PATH)/LocalAIAppKitDemo";
				XROS_DEPLOYMENT_TARGET = 26.1;
			};
			name = Debug;
		};
		0AE44E3E2FD7B5F20032DB82 /* Release */ = {
			isa = XCBuildConfiguration;
			buildSettings = {
				BUNDLE_LOADER = "$(TEST_HOST)";
				CODE_SIGN_STYLE = Automatic;
				CURRENT_PROJECT_VERSION = 1;
				GENERATE_INFOPLIST_FILE = YES;
				IPHONEOS_DEPLOYMENT_TARGET = 26.1;
				MACOSX_DEPLOYMENT_TARGET = 26.1;
				MARKETING_VERSION = 1.0;
				PRODUCT_BUNDLE_IDENTIFIER = shawna.LocalAIAppKitDemoTests;
				PRODUCT_NAME = "$(TARGET_NAME)";
				SDKROOT = auto;
				STRING_CATALOG_GENERATE_SYMBOLS = NO;
				SUPPORTED_PLATFORMS = "iphoneos iphonesimulator macosx xros xrsimulator";
				SWIFT_APPROACHABLE_CONCURRENCY = YES;
				SWIFT_EMIT_LOC_STRINGS = NO;
				SWIFT_UPCOMING_FEATURE_MEMBER_IMPORT_VISIBILITY = YES;
				SWIFT_VERSION = 5.0;
				TARGETED_DEVICE_FAMILY = "1,2,7";
				TEST_HOST = "$(BUILT_PRODUCTS_DIR)/LocalAIAppKitDemo.app/$(BUNDLE_EXECUTABLE_FOLDER_PATH)/LocalAIAppKitDemo";
				XROS_DEPLOYMENT_TARGET = 26.1;
			};
			name = Release;
		};
		0AE44E402FD7B5F20032DB82 /* Debug */ = {
			isa = XCBuildConfiguration;
			buildSettings = {
				CODE_SIGN_STYLE = Automatic;
				CURRENT_PROJECT_VERSION = 1;
				GENERATE_INFOPLIST_FILE = YES;
				IPHONEOS_DEPLOYMENT_TARGET = 26.1;
				MACOSX_DEPLOYMENT_TARGET = 26.1;
				MARKETING_VERSION = 1.0;
				PRODUCT_BUNDLE_IDENTIFIER = shawna.LocalAIAppKitDemoUITests;
				PRODUCT_NAME = "$(TARGET_NAME)";
				SDKROOT = auto;
				STRING_CATALOG_GENERATE_SYMBOLS = NO;
				SUPPORTED_PLATFORMS = "iphoneos iphonesimulator macosx xros xrsimulator";
				SWIFT_APPROACHABLE_CONCURRENCY = YES;
				SWIFT_EMIT_LOC_STRINGS = NO;
				SWIFT_UPCOMING_FEATURE_MEMBER_IMPORT_VISIBILITY = YES;
				SWIFT_VERSION = 5.0;
				TARGETED_DEVICE_FAMILY = "1,2,7";
				TEST_TARGET_NAME = LocalAIAppKitDemo;
				XROS_DEPLOYMENT_TARGET = 26.1;
			};
			name = Debug;
		};
		0AE44E412FD7B5F20032DB82 /* Release */ = {
			isa = XCBuildConfiguration;
			buildSettings = {
				CODE_SIGN_STYLE = Automatic;
				CURRENT_PROJECT_VERSION = 1;
				GENERATE_INFOPLIST_FILE = YES;
				IPHONEOS_DEPLOYMENT_TARGET = 26.1;
				MACOSX_DEPLOYMENT_TARGET = 26.1;
				MARKETING_VERSION = 1.0;
				PRODUCT_BUNDLE_IDENTIFIER = shawna.LocalAIAppKitDemoUITests;
				PRODUCT_NAME = "$(TARGET_NAME)";
				SDKROOT = auto;
				STRING_CATALOG_GENERATE_SYMBOLS = NO;
				SUPPORTED_PLATFORMS = "iphoneos iphonesimulator macosx xros xrsimulator";
				SWIFT_APPROACHABLE_CONCURRENCY = YES;
				SWIFT_EMIT_LOC_STRINGS = NO;
				SWIFT_UPCOMING_FEATURE_MEMBER_IMPORT_VISIBILITY = YES;
				SWIFT_VERSION = 5.0;
				TARGETED_DEVICE_FAMILY = "1,2,7";
				TEST_TARGET_NAME = LocalAIAppKitDemo;
				XROS_DEPLOYMENT_TARGET = 26.1;
			};
			name = Release;
		};
/* End XCBuildConfiguration section */

/* Begin XCConfigurationList section */
		0AE44E132FD7B5F20032DB82 /* Build configuration list for PBXProject "LocalAIAppKitDemo" */ = {
			isa = XCConfigurationList;
			buildConfigurations = (
				0AE44E372FD7B5F20032DB82 /* Debug */,
				0AE44E382FD7B5F20032DB82 /* Release */,
			);
			defaultConfigurationIsVisible = 0;
			defaultConfigurationName = Release;
		};
		0AE44E392FD7B5F20032DB82 /* Build configuration list for PBXNativeTarget "LocalAIAppKitDemo" */ = {
			isa = XCConfigurationList;
			buildConfigurations = (
				0AE44E3A2FD7B5F20032DB82 /* Debug */,
				0AE44E3B2FD7B5F20032DB82 /* Release */,
			);
			defaultConfigurationIsVisible = 0;
			defaultConfigurationName = Release;
		};
		0AE44E3C2FD7B5F20032DB82 /* Build configuration list for PBXNativeTarget "LocalAIAppKitDemoTests" */ = {
			isa = XCConfigurationList;
			buildConfigurations = (
				0AE44E3D2FD7B5F20032DB82 /* Debug */,
				0AE44E3E2FD7B5F20032DB82 /* Release */,
			);
			defaultConfigurationIsVisible = 0;
			defaultConfigurationName = Release;
		};
		0AE44E3F2FD7B5F20032DB82 /* Build configuration list for PBXNativeTarget "LocalAIAppKitDemoUITests" */ = {
			isa = XCConfigurationList;
			buildConfigurations = (
				0AE44E402FD7B5F20032DB82 /* Debug */,
				0AE44E412FD7B5F20032DB82 /* Release */,
			);
			defaultConfigurationIsVisible = 0;
			defaultConfigurationName = Release;
		};
/* End XCConfigurationList section */
	};
	rootObject = 0AE44E102FD7B5F20032DB82 /* Project object */;
}
